Microsoft Visual Studio Solution File, Format Version 12.00
# Visual Studio 15
VisualStudioVersion = 15.0.28307.136
MinimumVisualStudioVersion = 10.0.40219.1
Project("{803FD0C6-D64E-4E16-9DC3-1DAEC859A3D2}") = "WebScalesESP32", "WebScalesESP32.vgdbproj", "{A2043005-2C94-4863-B486-869AA9514D42}"
EndProject
Global
	GlobalSection(SolutionConfigurationPlatforms) = preSolution
		Debug|ESP32_Dev_Module = Debug|ESP32_Dev_Module
		Release|ESP32_Dev_Module = Release|ESP32_Dev_Module
	EndGlobalSection
	GlobalSection(ProjectConfigurationPlatforms) = postSolution
		{A2043005-2C94-4863-B486-869AA9514D42}.Debug|ESP32_Dev_Module.ActiveCfg = Debug|ESP32_Dev_Module
		{A2043005-2C94-4863-B486-869AA9514D42}.Debug|ESP32_Dev_Module.Build.0 = Debug|ESP32_Dev_Module
		{A2043005-2C94-4863-B486-869AA9514D42}.Release|ESP32_Dev_Module.ActiveCfg = Release|ESP32_Dev_Module
		{A2043005-2C94-4863-B486-869AA9514D42}.Release|ESP32_Dev_Module.Build.0 = Release|ESP32_Dev_Module
	EndGlobalSection
	GlobalSection(SolutionProperties) = preSolution
		HideSolutionNode = FALSE
	EndGlobalSection
	GlobalSection(ExtensibilityGlobals) = postSolution
		SolutionGuid = {47C8E8CC-2192-4CF7-BB0C-C22B2D495D32}
	EndGlobalSection
EndGlobal
